
Microsoft Visual Studio Solution File, Format Version 12.00
# Visual Studio 15
VisualStudioVersion = 15.0.28307.572
MinimumVisualStudioVersion = 10.0.40219.1
Project("{FAE04EC0-301F-11D3-BF4B-00C04F79EFBC}") = "01_hello_world", "lab_01_hello_world\01_hello_world.csproj", "{ECF3119F-F66D-4EC9-85AC-ABA6CBC2A32C}"
EndProject
Project("{FAE04EC0-301F-11D3-BF4B-00C04F79EFBC}") = "lab_02_fizz_buzz", "lab_02_fizz_buzz\lab_02_fizz_buzz.csproj", "{D6FC3906-043E-426C-9348-9A3E0C4D5BC7}"
EndProject
Project("{FAE04EC0-301F-11D3-BF4B-00C04F79EFBC}") = "lab_03_loops", "lab_03_loops\lab_03_loops.csproj", "{1D3E4AA3-C491-478F-9998-35CC09288B0C}"
EndProject
Project("{FAE04EC0-301F-11D3-BF4B-00C04F79EFBC}") = "lab_04_dll", "lab_04_dll\lab_04_dll.csproj", "{D221F399-0B76-426B-B288-FC65F4E02C3F}"
EndProject
Project("{FAE04EC0-301F-11D3-BF4B-00C04F79EFBC}") = "lab_05_use_dll", "lab_05_use_dll\lab_05_use_dll.csproj", "{0E559166-5097-4E23-8F22-D743DE46CFBC}"
EndProject
Project("{FAE04EC0-301F-11D3-BF4B-00C04F79EFBC}") = "lab_06_namespace", "lab_06_namespace\lab_06_namespace.csproj", "{12DF6E41-A4D8-4096-9FEB-D41FF38589F6}"
EndProject
Project("{FAE04EC0-301F-11D3-BF4B-00C04F79EFBC}") = "lab_07_winforms", "lab_07_winforms\lab_07_winforms.csproj", "{7BEE3CC8-1051-442B-89C8-380DC3C6C1CE}"
EndProject
Project("{FAE04EC0-301F-11D3-BF4B-00C04F79EFBC}") = "lab_08_loops", "lab_08_loops\lab_08_loops.csproj", "{D49FFD4A-FD02-4B99-BE61-715EB764C8A8}"
EndProject
Project("{FAE04EC0-301F-11D3-BF4B-00C04F79EFBC}") = "lab_08x1_more_loops", "lab_08x1_more_loops\lab_08x1_more_loops.csproj", "{2082890A-3F67-4A13-8F81-135C2A5446B7}"
EndProject
Project("{FAE04EC0-301F-11D3-BF4B-00C04F79EFBC}") = "lab_14_wpf_demo", "lab_14_wpf_demo\lab_14_wpf_demo.csproj", "{15DA3916-24C6-4D5E-952F-A86EDE58C5C2}"
EndProject
Project("{FAE04EC0-301F-11D3-BF4B-00C04F79EFBC}") = "lab_29_containers", "lab_29_containers\lab_29_containers.csproj", "{1B80DADB-20B2-44D5-823D-620084136206}"
EndProject
Project("{FAE04EC0-301F-11D3-BF4B-00C04F79EFBC}") = "lab_30_classes_with_properties", "lab_30_classes_with_properties\lab_30_classes_with_properties.csproj", "{A2ED44AC-023E-4ABC-B287-0EEE633B5888}"
EndProject
Project("{FAE04EC0-301F-11D3-BF4B-00C04F79EFBC}") = "lab_32_methods", "lab32_methods\lab_32_methods.csproj", "{E4FF1C20-D6ED-438F-8AA2-9309B131CD1C}"
EndProject
Project("{FAE04EC0-301F-11D3-BF4B-00C04F79EFBC}") = "lab_38_pass_object_into_method", "lab_38_pass_object_into_method\lab_38_pass_object_into_method.csproj", "{78516BC7-0145-4A0A-876B-5EFED16B536F}"
EndProject
Project("{FAE04EC0-301F-11D3-BF4B-00C04F79EFBC}") = "lab_38x1_unit_testing", "lab_38x1_unit_testing\lab_38x1_unit_testing.csproj", "{019ADCE3-4B9F-4015-9998-B58C4F3D7241}"
EndProject
Project("{FAE04EC0-301F-11D3-BF4B-00C04F79EFBC}") = "lab_38x1_t_unit_testing", "lab_38x1_t_unit_testing\lab_38x1_t_unit_testing.csproj", "{2DE56BED-B4A9-4402-8080-EFD1F2D0AED6}"
EndProject
Project("{FAE04EC0-301F-11D3-BF4B-00C04F79EFBC}") = "lab_39_polymorphism", "lab_39_polymorphism\lab_39_polymorphism.csproj", "{48AC91F6-0D48-4B7C-8471-E800F71D4CC8}"
EndProject
Project("{FAE04EC0-301F-11D3-BF4B-00C04F79EFBC}") = "lab_40_abstract_class", "lab_40_abstract_class\lab_40_abstract_class.csproj", "{A3C45DF3-2367-47CC-AA59-46FC802320E7}"
EndProject
Project("{FAE04EC0-301F-11D3-BF4B-00C04F79EFBC}") = "hw_01_Apr_23", "hw_01_Apr_23\hw_01_Apr_23.csproj", "{BAE53DDD-B781-4B0A-8355-90A00F3F4134}"
EndProject
Project("{FAE04EC0-301F-11D3-BF4B-00C04F79EFBC}") = "lab_41_constructor", "lab_41_constructor\lab_41_constructor.csproj", "{EC659A62-F615-4098-938D-B3275A3C31D5}"
EndProject
Project("{FAE04EC0-301F-11D3-BF4B-00C04F79EFBC}") = "lab_42_testme", "lab_42_testme\lab_42_testme.csproj", "{73746E6B-E052-449A-B7DE-EF1A0951BC7F}"
EndProject
Project("{FAE04EC0-301F-11D3-BF4B-00C04F79EFBC}") = "Tests_Microsoft", "Tests_Microsoft\Tests_Microsoft.csproj", "{454A96D8-87B1-4E12-89EC-958EAD8EB925}"
EndProject
Project("{9A19103F-16F7-4668-BE54-9A1E7A4F7556}") = "Tests_Nunit", "Tests_Nunit\Tests_Nunit.csproj", "{EE5A586E-9199-4895-A625-A532F3572AE4}"
EndProject
Project("{FAE04EC0-301F-11D3-BF4B-00C04F79EFBC}") = "lab_43_entity", "lab_43_entity\lab_43_entity.csproj", "{60F68F36-87E3-479B-9F0D-0336A4FB95C7}"
EndProject
Project("{FAE04EC0-301F-11D3-BF4B-00C04F79EFBC}") = "lab_44_entity2", "lab_44_entity2\lab_44_entity2.csproj", "{4A86EB3C-2229-43B8-B15B-409D739488B9}"
EndProject
Project("{FAE04EC0-301F-11D3-BF4B-00C04F79EFBC}") = "lab_45_file_operations", "lab_45_file_operations\lab_45_file_operations.csproj", "{038C7233-28BE-4CF5-834C-3602EF8C1274}"
EndProject
Project("{FAE04EC0-301F-11D3-BF4B-00C04F79EFBC}") = "lab_46_dictionary", "lab_46_dictionary\lab_46_dictionary.csproj", "{1767CCF4-3D44-4AA2-BD47-C57F4F3FBCC3}"
EndProject
Project("{FAE04EC0-301F-11D3-BF4B-00C04F79EFBC}") = "hw_02_Apr_25", "hw_02_Apr_25\hw_02_Apr_25.csproj", "{6BDD5567-E501-4100-AD70-CF97F5463C2A}"
EndProject
Project("{FAE04EC0-301F-11D3-BF4B-00C04F79EFBC}") = "labx_01_databases", "labx_01_databases\labx_01_databases.csproj", "{9AB6A268-F8C3-4643-8149-020F99CDF8EA}"
EndProject
Project("{FAE04EC0-301F-11D3-BF4B-00C04F79EFBC}") = "labx_01_databasesWithWPF", "labx_01_databasesWithWPF\labx_01_databasesWithWPF.csproj", "{A0F1E897-3B8F-4741-B5F5-786B062E4B1D}"
EndProject
Project("{FAE04EC0-301F-11D3-BF4B-00C04F79EFBC}") = "labx_01_databases_trainer", "labx_01_databases_trainer\labx_01_databases_trainer.csproj", "{2E89BC01-F06C-41C1-AB8E-68E29071F19C}"
EndProject
Project("{FAE04EC0-301F-11D3-BF4B-00C04F79EFBC}") = "lab_56_event", "lab_56_event\lab_56_event.csproj", "{03D51832-3BC5-4044-A416-058C25BC13F0}"
EndProject
Project("{FAE04EC0-301F-11D3-BF4B-00C04F79EFBC}") = "hw_03_Classes", "hw_03_Classes\hw_03_Classes.csproj", "{FF5E2840-8076-49A8-87D2-E4984B238D22}"
EndProject
Project("{FAE04EC0-301F-11D3-BF4B-00C04F79EFBC}") = "hw_04_Stopwatch", "hw_04_Stopwatch\hw_04_Stopwatch.csproj", "{27F2C39A-D305-4D52-B3E5-A5CCED1531F0}"
EndProject
Project("{FAE04EC0-301F-11D3-BF4B-00C04F79EFBC}") = "hw_05_polymorphism", "hw_05_polymorphism\hw_05_polymorphism.csproj", "{324F4872-A647-4821-806C-D3D13E0E403E}"
EndProject
Project("{FAE04EC0-301F-11D3-BF4B-00C04F79EFBC}") = "lab_59_Interfaces", "lab_59_Interfaces\lab_59_Interfaces.csproj", "{4CA3B54B-DC8A-470E-A5EA-AC9B04CC52AB}"
EndProject
Project("{FAE04EC0-301F-11D3-BF4B-00C04F79EFBC}") = "lab_60_asp_northwind", "lab_60_asp_northwind\lab_60_asp_northwind.csproj", "{0606D0D9-57AB-4602-9E45-CEEB22D3CB06}"
EndProject
Project("{FAE04EC0-301F-11D3-BF4B-00C04F79EFBC}") = "lab_61_raw_sql", "lab_61_raw_sql\lab_61_raw_sql.csproj", "{F1BEC530-1B00-4227-A7B3-AC7E5796F47A}"
EndProject
Project("{FAE04EC0-301F-11D3-BF4B-00C04F79EFBC}") = "lab_66_razor_page", "lab_66_razor_page\lab_66_razor_page.csproj", "{07F33503-DE02-410C-990A-B67DD930E3F4}"
EndProject
Project("{FAE04EC0-301F-11D3-BF4B-00C04F79EFBC}") = "lab_67_razor", "lab_67_razor\lab_67_razor.csproj", "{34E5A4EE-ADAE-452D-A090-B4C2D9A080D5}"
EndProject
Project("{FAE04EC0-301F-11D3-BF4B-00C04F79EFBC}") = "lab_68_api", "lab_68_api\lab_68_api.csproj", "{4EF6318E-738A-46D3-BC58-05E1632C0BA9}"
EndProject
Project("{FAE04EC0-301F-11D3-BF4B-00C04F79EFBC}") = "challenge01_rabbit_population", "challenge01_rabbit_population\challenge01_rabbit_population.csproj", "{EA6BFE24-6360-4C8F-A8B5-5D7DE9121F59}"
EndProject
Project("{9A19103F-16F7-4668-BE54-9A1E7A4F7556}") = "challenge01_rabbit_population_unit_tests", "challenge01_rabbit_population_unit_tests\challenge01_rabbit_population_unit_tests.csproj", "{4FF521BD-7E89-40BC-ACC3-22962CA0D840}"
EndProject
Project("{FAE04EC0-301F-11D3-BF4B-00C04F79EFBC}") = "challenge01_rabbit_population_wpf", "challenge01_rabbit_population_wpf\challenge01_rabbit_population_wpf.csproj", "{19011754-1088-4DC0-A724-7CB3BD244F1D}"
EndProject
Project("{FAE04EC0-301F-11D3-BF4B-00C04F79EFBC}") = "challenge01_rabbit_population_web", "challenge01_rabbit_population_web\challenge01_rabbit_population_web.csproj", "{5B1AC183-6B1B-4F4C-A704-B56AD4C5CEAB}"
EndProject
Project("{FAE04EC0-301F-11D3-BF4B-00C04F79EFBC}") = "hw_104_WPF_Northwind_Entity", "hw_104_WPF_Northwind_Entity\hw_104_WPF_Northwind_Entity.csproj", "{099FC02E-BA5E-4D78-88B7-85401170ABEE}"
EndProject
Project("{FAE04EC0-301F-11D3-BF4B-00C04F79EFBC}") = "hw_104_WPF_Northwind_Entity_v02", "hw_104_WPF_Northwind_Entity_v02\hw_104_WPF_Northwind_Entity_v02.csproj", "{E569F59A-B267-47B5-ABA2-F8A2A7DBF103}"
EndProject
Project("{FAE04EC0-301F-11D3-BF4B-00C04F79EFBC}") = "lab_69_WPF_Entity_Crud", "lab_69_WPF_Entity_Crud\lab_69_WPF_Entity_Crud.csproj", "{1208034A-A3C3-4B31-8348-76D0A1423C19}"
EndProject
Project("{FAE04EC0-301F-11D3-BF4B-00C04F79EFBC}") = "lab_70_LINQ", "lab_70_LINQ\lab_70_LINQ.csproj", "{B03CC3A0-E37F-4741-AD6F-B09CC4ADEBEC}"
EndProject
Project("{FAE04EC0-301F-11D3-BF4B-00C04F79EFBC}") = "lab_71_lazy_loading", "lab_71_lazy_loading\lab_71_lazy_loading.csproj", "{654EA906-3B11-41E6-8F3E-7CA5E04A8297}"
EndProject
Project("{FAE04EC0-301F-11D3-BF4B-00C04F79EFBC}") = "lab_72_LINQ_Join", "lab_72_LINQ_Join\lab_72_LINQ_Join.csproj", "{C39AE82D-14C4-432B-AF2D-2E327A33FC58}"
EndProject
Project("{FAE04EC0-301F-11D3-BF4B-00C04F79EFBC}") = "try01_Android_hello_world", "try01_Android_hello_world\try01_Android_hello_world.csproj", "{3BC0AC7E-3B3B-4D3F-9CC0-B2BDECC460A6}"
EndProject
Project("{FAE04EC0-301F-11D3-BF4B-00C04F79EFBC}") = "lab_73_dynamic", "lab_73_dynamic\lab_73_dynamic.csproj", "{1AADE9ED-4C9F-4706-AB4C-A5233F5868F0}"
EndProject
Project("{FAE04EC0-301F-11D3-BF4B-00C04F79EFBC}") = "lab_74_compareto", "lab_74_compareto\lab_74_compareto.csproj", "{0881AEC0-C608-4904-9E31-73F4FFA2C385}"
EndProject
Project("{FAE04EC0-301F-11D3-BF4B-00C04F79EFBC}") = "lab_75_checked", "lab_75_checked\lab_75_checked.csproj", "{F42E88A6-0795-4203-AD42-4385735F7C86}"
EndProject
Project("{9A19103F-16F7-4668-BE54-9A1E7A4F7556}") = "lab_76_console_core", "lab_76_console_core\lab_76_console_core.csproj", "{5917F790-34F2-4252-B2F8-D8CC4C85F5D2}"
EndProject
Project("{FAE04EC0-301F-11D3-BF4B-00C04F79EFBC}") = "hw_105_WPF_ToDo", "hw_105_WPF_ToDo\hw_105_WPF_ToDo.csproj", "{50D243B1-A621-42A8-8665-CF32B0E1683C}"
EndProject
Project("{FAE04EC0-301F-11D3-BF4B-00C04F79EFBC}") = "lab_78_tasks", "lab_78_tasks\lab_78_tasks.csproj", "{082B6987-60DD-465B-BF47-B79F9B24AA48}"
EndProject
Project("{FAE04EC0-301F-11D3-BF4B-00C04F79EFBC}") = "lab_79_task_wait", "lab_79_task_wait\lab_79_task_wait.csproj", "{7C73B69F-C3F9-4D77-B5CA-DE6387FF4793}"
EndProject
Project("{FAE04EC0-301F-11D3-BF4B-00C04F79EFBC}") = "hw_106_interview_prep", "hw_106_interview_prep\hw_106_interview_prep.csproj", "{2050C17A-386C-41EC-888B-48A19E3CC9FD}"
EndProject
Project("{9A19103F-16F7-4668-BE54-9A1E7A4F7556}") = "ASCIINonsense_Tests", "ASCIINonsense_Tests\ASCIINonsense_Tests.csproj", "{5423DC77-4786-4A58-910D-F8E5074C63B3}"
EndProject
Project("{FAE04EC0-301F-11D3-BF4B-00C04F79EFBC}") = "try_02_SpartaPaint", "try_02_SpartaPaint\try_02_SpartaPaint.csproj", "{ADD900B8-2D10-4761-94BA-80F3B0D28AEF}"
EndProject
Project("{9A19103F-16F7-4668-BE54-9A1E7A4F7556}") = "lab_80_asp_core_web", "lab_80_asp_core_web\lab_80_asp_core_web.csproj", "{0C32B957-6AC5-4FA3-8505-4CE2D38F8841}"
EndProject
Project("{9A19103F-16F7-4668-BE54-9A1E7A4F7556}") = "challenge02_ASP_recap", "challenge02_ASP_recap\challenge02_ASP_recap.csproj", "{3126BDD8-2CC4-4D3C-B5EA-FF9A8E1F7901}"
EndProject
Project("{FAE04EC0-301F-11D3-BF4B-00C04F79EFBC}") = "lab_81_ASP_To_Do_v2", "lab_81_ASP_To_Do_v2\lab_81_ASP_To_Do_v2.csproj", "{EFE11A26-AFE2-47B2-A2C5-F2A6FECCF33B}"
EndProject
Project("{9A19103F-16F7-4668-BE54-9A1E7A4F7556}") = "hw_108_ASP_Core_Challenge", "hw_108_ASP_Core_Challenge\hw_108_ASP_Core_Challenge.csproj", "{38499F32-7B93-4EBC-9FCC-3A12DA90550A}"
EndProject
Project("{FAE04EC0-301F-11D3-BF4B-00C04F79EFBC}") = "lab_82_tuple", "lab_82_tuple\lab_82_tuple.csproj", "{444A260D-F018-43B7-AE86-36E85889AA0C}"
EndProject
Project("{9A19103F-16F7-4668-BE54-9A1E7A4F7556}") = "lab_83_asp_core_add_records", "lab_83_asp_core_add_records\lab_83_asp_core_add_records.csproj", "{582A3587-1B5D-40C3-A858-7FE3584817A1}"
EndProject
Project("{FAE04EC0-301F-11D3-BF4B-00C04F79EFBC}") = "lab_84_ASP_MVC_With_Authentication", "lab_84_ASP_MVC_With_Authentication\lab_84_ASP_MVC_With_Authentication.csproj", "{AB478201-B269-4F08-B4A0-27E4C36B43D6}"
EndProject
Project("{9A19103F-16F7-4668-BE54-9A1E7A4F7556}") = "lab_85_streaming", "lab_85_streaming\lab_85_streaming.csproj", "{1CFBEEC5-95CE-4C91-922F-9416C47F9164}"
EndProject
Project("{9A19103F-16F7-4668-BE54-9A1E7A4F7556}") = "lab_86_async_await_streaming", "lab_86_async_await_streaming\lab_86_async_await_streaming.csproj", "{2E55CD6E-F19A-4B5D-AFFA-217C4863C404}"
EndProject
Project("{9A19103F-16F7-4668-BE54-9A1E7A4F7556}") = "lab_87_serialize", "lab_87_serialize\lab_87_serialize.csproj", "{A8276AB1-F1CD-49A2-AB78-565D5868C1F0}"
EndProject
Project("{9A19103F-16F7-4668-BE54-9A1E7A4F7556}") = "lab_88_JSON_Newtonsoft", "lab_88_JSON_Newtonsoft\lab_88_JSON_Newtonsoft.csproj", "{36F78806-D2C7-4E18-AC6F-E9422035DD04}"
EndProject
Project("{FAE04EC0-301F-11D3-BF4B-00C04F79EFBC}") = "lab_89_API", "lab_89_API\lab_89_API.csproj", "{DFFDEE21-51D5-474B-9EBF-E0693360B4FD}"
EndProject
Project("{9A19103F-16F7-4668-BE54-9A1E7A4F7556}") = "lab_90_MVC_core", "lab_90_MVC_core\lab_90_MVC_core.csproj", "{E8B2FEBD-AFEE-4D8B-9863-C90E755CCB96}"
EndProject
Project("{9A19103F-16F7-4668-BE54-9A1E7A4F7556}") = "lab_91_from_scratch", "lab_91_from_scratch\lab_91_from_scratch.csproj", "{6B74291F-3620-4195-8B88-7F4CE9738CC5}"
EndProject
Project("{FAE04EC0-301F-11D3-BF4B-00C04F79EFBC}") = "hw_112_MVC_from_scratch", "hw_112_MVC_from_scratch\hw_112_MVC_from_scratch.csproj", "{C092A678-AE65-41A6-B0FA-3C81AA840733}"
EndProject
Global
	GlobalSection(SolutionConfigurationPlatforms) = preSolution
		Debug|Any CPU = Debug|Any CPU
		Release|Any CPU = Release|Any CPU
	EndGlobalSection
	GlobalSection(ProjectConfigurationPlatforms) = postSolution
		{ECF3119F-F66D-4EC9-85AC-ABA6CBC2A32C}.Debug|Any CPU.ActiveCfg = Debug|Any CPU
		{ECF3119F-F66D-4EC9-85AC-ABA6CBC2A32C}.Debug|Any CPU.Build.0 = Debug|Any CPU
		{ECF3119F-F66D-4EC9-85AC-ABA6CBC2A32C}.Release|Any CPU.ActiveCfg = Release|Any CPU
		{ECF3119F-F66D-4EC9-85AC-ABA6CBC2A32C}.Release|Any CPU.Build.0 = Release|Any CPU
		{D6FC3906-043E-426C-9348-9A3E0C4D5BC7}.Debug|Any CPU.ActiveCfg = Debug|Any CPU
		{D6FC3906-043E-426C-9348-9A3E0C4D5BC7}.Debug|Any CPU.Build.0 = Debug|Any CPU
		{D6FC3906-043E-426C-9348-9A3E0C4D5BC7}.Release|Any CPU.ActiveCfg = Release|Any CPU
		{D6FC3906-043E-426C-9348-9A3E0C4D5BC7}.Release|Any CPU.Build.0 = Release|Any CPU
		{1D3E4AA3-C491-478F-9998-35CC09288B0C}.Debug|Any CPU.ActiveCfg = Debug|Any CPU
		{1D3E4AA3-C491-478F-9998-35CC09288B0C}.Debug|Any CPU.Build.0 = Debug|Any CPU
		{1D3E4AA3-C491-478F-9998-35CC09288B0C}.Release|Any CPU.ActiveCfg = Release|Any CPU
		{1D3E4AA3-C491-478F-9998-35CC09288B0C}.Release|Any CPU.Build.0 = Release|Any CPU
		{D221F399-0B76-426B-B288-FC65F4E02C3F}.Debug|Any CPU.ActiveCfg = Debug|Any CPU
		{D221F399-0B76-426B-B288-FC65F4E02C3F}.Debug|Any CPU.Build.0 = Debug|Any CPU
		{D221F399-0B76-426B-B288-FC65F4E02C3F}.Release|Any CPU.ActiveCfg = Release|Any CPU
		{D221F399-0B76-426B-B288-FC65F4E02C3F}.Release|Any CPU.Build.0 = Release|Any CPU
		{0E559166-5097-4E23-8F22-D743DE46CFBC}.Debug|Any CPU.ActiveCfg = Debug|Any CPU
		{0E559166-5097-4E23-8F22-D743DE46CFBC}.Debug|Any CPU.Build.0 = Debug|Any CPU
		{0E559166-5097-4E23-8F22-D743DE46CFBC}.Release|Any CPU.ActiveCfg = Release|Any CPU
		{0E559166-5097-4E23-8F22-D743DE46CFBC}.Release|Any CPU.Build.0 = Release|Any CPU
		{12DF6E41-A4D8-4096-9FEB-D41FF38589F6}.Debug|Any CPU.ActiveCfg = Debug|Any CPU
		{12DF6E41-A4D8-4096-9FEB-D41FF38589F6}.Debug|Any CPU.Build.0 = Debug|Any CPU
		{12DF6E41-A4D8-4096-9FEB-D41FF38589F6}.Release|Any CPU.ActiveCfg = Release|Any CPU
		{12DF6E41-A4D8-4096-9FEB-D41FF38589F6}.Release|Any CPU.Build.0 = Release|Any CPU
		{7BEE3CC8-1051-442B-89C8-380DC3C6C1CE}.Debug|Any CPU.ActiveCfg = Debug|Any CPU
		{7BEE3CC8-1051-442B-89C8-380DC3C6C1CE}.Debug|Any CPU.Build.0 = Debug|Any CPU
		{7BEE3CC8-1051-442B-89C8-380DC3C6C1CE}.Release|Any CPU.ActiveCfg = Release|Any CPU
		{7BEE3CC8-1051-442B-89C8-380DC3C6C1CE}.Release|Any CPU.Build.0 = Release|Any CPU
		{D49FFD4A-FD02-4B99-BE61-715EB764C8A8}.Debug|Any CPU.ActiveCfg = Debug|Any CPU
		{D49FFD4A-FD02-4B99-BE61-715EB764C8A8}.Debug|Any CPU.Build.0 = Debug|Any CPU
		{D49FFD4A-FD02-4B99-BE61-715EB764C8A8}.Release|Any CPU.ActiveCfg = Release|Any CPU
		{D49FFD4A-FD02-4B99-BE61-715EB764C8A8}.Release|Any CPU.Build.0 = Release|Any CPU
		{2082890A-3F67-4A13-8F81-135C2A5446B7}.Debug|Any CPU.ActiveCfg = Debug|Any CPU
		{2082890A-3F67-4A13-8F81-135C2A5446B7}.Debug|Any CPU.Build.0 = Debug|Any CPU
		{2082890A-3F67-4A13-8F81-135C2A5446B7}.Release|Any CPU.ActiveCfg = Release|Any CPU
		{2082890A-3F67-4A13-8F81-135C2A5446B7}.Release|Any CPU.Build.0 = Release|Any CPU
		{15DA3916-24C6-4D5E-952F-A86EDE58C5C2}.Debug|Any CPU.ActiveCfg = Debug|Any CPU
		{15DA3916-24C6-4D5E-952F-A86EDE58C5C2}.Debug|Any CPU.Build.0 = Debug|Any CPU
		{15DA3916-24C6-4D5E-952F-A86EDE58C5C2}.Release|Any CPU.ActiveCfg = Release|Any CPU
		{15DA3916-24C6-4D5E-952F-A86EDE58C5C2}.Release|Any CPU.Build.0 = Release|Any CPU
		{1B80DADB-20B2-44D5-823D-620084136206}.Debug|Any CPU.ActiveCfg = Debug|Any CPU
		{1B80DADB-20B2-44D5-823D-620084136206}.Debug|Any CPU.Build.0 = Debug|Any CPU
		{1B80DADB-20B2-44D5-823D-620084136206}.Release|Any CPU.ActiveCfg = Release|Any CPU
		{1B80DADB-20B2-44D5-823D-620084136206}.Release|Any CPU.Build.0 = Release|Any CPU
		{A2ED44AC-023E-4ABC-B287-0EEE633B5888}.Debug|Any CPU.ActiveCfg = Debug|Any CPU
		{A2ED44AC-023E-4ABC-B287-0EEE633B5888}.Debug|Any CPU.Build.0 = Debug|Any CPU
		{A2ED44AC-023E-4ABC-B287-0EEE633B5888}.Release|Any CPU.ActiveCfg = Release|Any CPU
		{A2ED44AC-023E-4ABC-B287-0EEE633B5888}.Release|Any CPU.Build.0 = Release|Any CPU
		{E4FF1C20-D6ED-438F-8AA2-9309B131CD1C}.Debug|Any CPU.ActiveCfg = Debug|Any CPU
		{E4FF1C20-D6ED-438F-8AA2-9309B131CD1C}.Debug|Any CPU.Build.0 = Debug|Any CPU
		{E4FF1C20-D6ED-438F-8AA2-9309B131CD1C}.Release|Any CPU.ActiveCfg = Release|Any CPU
		{E4FF1C20-D6ED-438F-8AA2-9309B131CD1C}.Release|Any CPU.Build.0 = Release|Any CPU
		{78516BC7-0145-4A0A-876B-5EFED16B536F}.Debug|Any CPU.ActiveCfg = Debug|Any CPU
		{78516BC7-0145-4A0A-876B-5EFED16B536F}.Debug|Any CPU.Build.0 = Debug|Any CPU
		{78516BC7-0145-4A0A-876B-5EFED16B536F}.Release|Any CPU.ActiveCfg = Release|Any CPU
		{78516BC7-0145-4A0A-876B-5EFED16B536F}.Release|Any CPU.Build.0 = Release|Any CPU
		{019ADCE3-4B9F-4015-9998-B58C4F3D7241}.Debug|Any CPU.ActiveCfg = Debug|Any CPU
		{019ADCE3-4B9F-4015-9998-B58C4F3D7241}.Debug|Any CPU.Build.0 = Debug|Any CPU
		{019ADCE3-4B9F-4015-9998-B58C4F3D7241}.Release|Any CPU.ActiveCfg = Release|Any CPU
		{019ADCE3-4B9F-4015-9998-B58C4F3D7241}.Release|Any CPU.Build.0 = Release|Any CPU
		{2DE56BED-B4A9-4402-8080-EFD1F2D0AED6}.Debug|Any CPU.ActiveCfg = Debug|Any CPU
		{2DE56BED-B4A9-4402-8080-EFD1F2D0AED6}.Debug|Any CPU.Build.0 = Debug|Any CPU
		{2DE56BED-B4A9-4402-8080-EFD1F2D0AED6}.Release|Any CPU.ActiveCfg = Release|Any CPU
		{2DE56BED-B4A9-4402-8080-EFD1F2D0AED6}.Release|Any CPU.Build.0 = Release|Any CPU
		{48AC91F6-0D48-4B7C-8471-E800F71D4CC8}.Debug|Any CPU.ActiveCfg = Debug|Any CPU
		{48AC91F6-0D48-4B7C-8471-E800F71D4CC8}.Debug|Any CPU.Build.0 = Debug|Any CPU
		{48AC91F6-0D48-4B7C-8471-E800F71D4CC8}.Release|Any CPU.ActiveCfg = Release|Any CPU
		{48AC91F6-0D48-4B7C-8471-E800F71D4CC8}.Release|Any CPU.Build.0 = Release|Any CPU
		{A3C45DF3-2367-47CC-AA59-46FC802320E7}.Debug|Any CPU.ActiveCfg = Debug|Any CPU
		{A3C45DF3-2367-47CC-AA59-46FC802320E7}.Debug|Any CPU.Build.0 = Debug|Any CPU
		{A3C45DF3-2367-47CC-AA59-46FC802320E7}.Release|Any CPU.ActiveCfg = Release|Any CPU
		{A3C45DF3-2367-47CC-AA59-46FC802320E7}.Release|Any CPU.Build.0 = Release|Any CPU
		{BAE53DDD-B781-4B0A-8355-90A00F3F4134}.Debug|Any CPU.ActiveCfg = Debug|Any CPU
		{BAE53DDD-B781-4B0A-8355-90A00F3F4134}.Debug|Any CPU.Build.0 = Debug|Any CPU
		{BAE53DDD-B781-4B0A-8355-90A00F3F4134}.Release|Any CPU.ActiveCfg = Release|Any CPU
		{BAE53DDD-B781-4B0A-8355-90A00F3F4134}.Release|Any CPU.Build.0 = Release|Any CPU
		{EC659A62-F615-4098-938D-B3275A3C31D5}.Debug|Any CPU.ActiveCfg = Debug|Any CPU
		{EC659A62-F615-4098-938D-B3275A3C31D5}.Debug|Any CPU.Build.0 = Debug|Any CPU
		{EC659A62-F615-4098-938D-B3275A3C31D5}.Release|Any CPU.ActiveCfg = Release|Any CPU
		{EC659A62-F615-4098-938D-B3275A3C31D5}.Release|Any CPU.Build.0 = Release|Any CPU
		{73746E6B-E052-449A-B7DE-EF1A0951BC7F}.Debug|Any CPU.ActiveCfg = Debug|Any CPU
		{73746E6B-E052-449A-B7DE-EF1A0951BC7F}.Debug|Any CPU.Build.0 = Debug|Any CPU
		{73746E6B-E052-449A-B7DE-EF1A0951BC7F}.Release|Any CPU.ActiveCfg = Release|Any CPU
		{73746E6B-E052-449A-B7DE-EF1A0951BC7F}.Release|Any CPU.Build.0 = Release|Any CPU
		{454A96D8-87B1-4E12-89EC-958EAD8EB925}.Debug|Any CPU.ActiveCfg = Debug|Any CPU
		{454A96D8-87B1-4E12-89EC-958EAD8EB925}.Debug|Any CPU.Build.0 = Debug|Any CPU
		{454A96D8-87B1-4E12-89EC-958EAD8EB925}.Release|Any CPU.ActiveCfg = Release|Any CPU
		{454A96D8-87B1-4E12-89EC-958EAD8EB925}.Release|Any CPU.Build.0 = Release|Any CPU
		{EE5A586E-9199-4895-A625-A532F3572AE4}.Debug|Any CPU.ActiveCfg = Debug|Any CPU
		{EE5A586E-9199-4895-A625-A532F3572AE4}.Debug|Any CPU.Build.0 = Debug|Any CPU
		{EE5A586E-9199-4895-A625-A532F3572AE4}.Release|Any CPU.ActiveCfg = Release|Any CPU
		{EE5A586E-9199-4895-A625-A532F3572AE4}.Release|Any CPU.Build.0 = Release|Any CPU
		{60F68F36-87E3-479B-9F0D-0336A4FB95C7}.Debug|Any CPU.ActiveCfg = Debug|Any CPU
		{60F68F36-87E3-479B-9F0D-0336A4FB95C7}.Debug|Any CPU.Build.0 = Debug|Any CPU
		{60F68F36-87E3-479B-9F0D-0336A4FB95C7}.Release|Any CPU.ActiveCfg = Release|Any CPU
		{60F68F36-87E3-479B-9F0D-0336A4FB95C7}.Release|Any CPU.Build.0 = Release|Any CPU
		{4A86EB3C-2229-43B8-B15B-409D739488B9}.Debug|Any CPU.ActiveCfg = Debug|Any CPU
		{4A86EB3C-2229-43B8-B15B-409D739488B9}.Debug|Any CPU.Build.0 = Debug|Any CPU
		{4A86EB3C-2229-43B8-B15B-409D739488B9}.Release|Any CPU.ActiveCfg = Release|Any CPU
		{4A86EB3C-2229-43B8-B15B-409D739488B9}.Release|Any CPU.Build.0 = Release|Any CPU
		{038C7233-28BE-4CF5-834C-3602EF8C1274}.Debug|Any CPU.ActiveCfg = Debug|Any CPU
		{038C7233-28BE-4CF5-834C-3602EF8C1274}.Debug|Any CPU.Build.0 = Debug|Any CPU
		{038C7233-28BE-4CF5-834C-3602EF8C1274}.Release|Any CPU.ActiveCfg = Release|Any CPU
		{038C7233-28BE-4CF5-834C-3602EF8C1274}.Release|Any CPU.Build.0 = Release|Any CPU
		{1767CCF4-3D44-4AA2-BD47-C57F4F3FBCC3}.Debug|Any CPU.ActiveCfg = Debug|Any CPU
		{1767CCF4-3D44-4AA2-BD47-C57F4F3FBCC3}.Debug|Any CPU.Build.0 = Debug|Any CPU
		{1767CCF4-3D44-4AA2-BD47-C57F4F3FBCC3}.Release|Any CPU.ActiveCfg = Release|Any CPU
		{1767CCF4-3D44-4AA2-BD47-C57F4F3FBCC3}.Release|Any CPU.Build.0 = Release|Any CPU
		{6BDD5567-E501-4100-AD70-CF97F5463C2A}.Debug|Any CPU.ActiveCfg = Debug|Any CPU
		{6BDD5567-E501-4100-AD70-CF97F5463C2A}.Debug|Any CPU.Build.0 = Debug|Any CPU
		{6BDD5567-E501-4100-AD70-CF97F5463C2A}.Release|Any CPU.ActiveCfg = Release|Any CPU
		{6BDD5567-E501-4100-AD70-CF97F5463C2A}.Release|Any CPU.Build.0 = Release|Any CPU
		{9AB6A268-F8C3-4643-8149-020F99CDF8EA}.Debug|Any CPU.ActiveCfg = Debug|Any CPU
		{9AB6A268-F8C3-4643-8149-020F99CDF8EA}.Debug|Any CPU.Build.0 = Debug|Any CPU
		{9AB6A268-F8C3-4643-8149-020F99CDF8EA}.Release|Any CPU.ActiveCfg = Release|Any CPU
		{9AB6A268-F8C3-4643-8149-020F99CDF8EA}.Release|Any CPU.Build.0 = Release|Any CPU
		{A0F1E897-3B8F-4741-B5F5-786B062E4B1D}.Debug|Any CPU.ActiveCfg = Debug|Any CPU
		{A0F1E897-3B8F-4741-B5F5-786B062E4B1D}.Debug|Any CPU.Build.0 = Debug|Any CPU
		{A0F1E897-3B8F-4741-B5F5-786B062E4B1D}.Release|Any CPU.ActiveCfg = Release|Any CPU
		{A0F1E897-3B8F-4741-B5F5-786B062E4B1D}.Release|Any CPU.Build.0 = Release|Any CPU
		{2E89BC01-F06C-41C1-AB8E-68E29071F19C}.Debug|Any CPU.ActiveCfg = Debug|Any CPU
		{2E89BC01-F06C-41C1-AB8E-68E29071F19C}.Debug|Any CPU.Build.0 = Debug|Any CPU
		{2E89BC01-F06C-41C1-AB8E-68E29071F19C}.Release|Any CPU.ActiveCfg = Release|Any CPU
		{2E89BC01-F06C-41C1-AB8E-68E29071F19C}.Release|Any CPU.Build.0 = Release|Any CPU
		{03D51832-3BC5-4044-A416-058C25BC13F0}.Debug|Any CPU.ActiveCfg = Debug|Any CPU
		{03D51832-3BC5-4044-A416-058C25BC13F0}.Debug|Any CPU.Build.0 = Debug|Any CPU
		{03D51832-3BC5-4044-A416-058C25BC13F0}.Release|Any CPU.ActiveCfg = Release|Any CPU
		{03D51832-3BC5-4044-A416-058C25BC13F0}.Release|Any CPU.Build.0 = Release|Any CPU
		{FF5E2840-8076-49A8-87D2-E4984B238D22}.Debug|Any CPU.ActiveCfg = Debug|Any CPU
		{FF5E2840-8076-49A8-87D2-E4984B238D22}.Debug|Any CPU.Build.0 = Debug|Any CPU
		{FF5E2840-8076-49A8-87D2-E4984B238D22}.Release|Any CPU.ActiveCfg = Release|Any CPU
		{FF5E2840-8076-49A8-87D2-E4984B238D22}.Release|Any CPU.Build.0 = Release|Any CPU
		{27F2C39A-D305-4D52-B3E5-A5CCED1531F0}.Debug|Any CPU.ActiveCfg = Debug|Any CPU
		{27F2C39A-D305-4D52-B3E5-A5CCED1531F0}.Debug|Any CPU.Build.0 = Debug|Any CPU
		{27F2C39A-D305-4D52-B3E5-A5CCED1531F0}.Release|Any CPU.ActiveCfg = Release|Any CPU
		{27F2C39A-D305-4D52-B3E5-A5CCED1531F0}.Release|Any CPU.Build.0 = Release|Any CPU
		{324F4872-A647-4821-806C-D3D13E0E403E}.Debug|Any CPU.ActiveCfg = Debug|Any CPU
		{324F4872-A647-4821-806C-D3D13E0E403E}.Debug|Any CPU.Build.0 = Debug|Any CPU
		{324F4872-A647-4821-806C-D3D13E0E403E}.Release|Any CPU.ActiveCfg = Release|Any CPU
		{324F4872-A647-4821-806C-D3D13E0E403E}.Release|Any CPU.Build.0 = Release|Any CPU
		{4CA3B54B-DC8A-470E-A5EA-AC9B04CC52AB}.Debug|Any CPU.ActiveCfg = Debug|Any CPU
		{4CA3B54B-DC8A-470E-A5EA-AC9B04CC52AB}.Debug|Any CPU.Build.0 = Debug|Any CPU
		{4CA3B54B-DC8A-470E-A5EA-AC9B04CC52AB}.Release|Any CPU.ActiveCfg = Release|Any CPU
		{4CA3B54B-DC8A-470E-A5EA-AC9B04CC52AB}.Release|Any CPU.Build.0 = Release|Any CPU
		{0606D0D9-57AB-4602-9E45-CEEB22D3CB06}.Debug|Any CPU.ActiveCfg = Debug|Any CPU
		{0606D0D9-57AB-4602-9E45-CEEB22D3CB06}.Debug|Any CPU.Build.0 = Debug|Any CPU
		{0606D0D9-57AB-4602-9E45-CEEB22D3CB06}.Release|Any CPU.ActiveCfg = Release|Any CPU
		{0606D0D9-57AB-4602-9E45-CEEB22D3CB06}.Release|Any CPU.Build.0 = Release|Any CPU
		{F1BEC530-1B00-4227-A7B3-AC7E5796F47A}.Debug|Any CPU.ActiveCfg = Debug|Any CPU
		{F1BEC530-1B00-4227-A7B3-AC7E5796F47A}.Debug|Any CPU.Build.0 = Debug|Any CPU
		{F1BEC530-1B00-4227-A7B3-AC7E5796F47A}.Release|Any CPU.ActiveCfg = Release|Any CPU
		{F1BEC530-1B00-4227-A7B3-AC7E5796F47A}.Release|Any CPU.Build.0 = Release|Any CPU
		{07F33503-DE02-410C-990A-B67DD930E3F4}.Debug|Any CPU.ActiveCfg = Debug|Any CPU
		{07F33503-DE02-410C-990A-B67DD930E3F4}.Debug|Any CPU.Build.0 = Debug|Any CPU
		{07F33503-DE02-410C-990A-B67DD930E3F4}.Release|Any CPU.ActiveCfg = Release|Any CPU
		{07F33503-DE02-410C-990A-B67DD930E3F4}.Release|Any CPU.Build.0 = Release|Any CPU
		{34E5A4EE-ADAE-452D-A090-B4C2D9A080D5}.Debug|Any CPU.ActiveCfg = Debug|Any CPU
		{34E5A4EE-ADAE-452D-A090-B4C2D9A080D5}.Debug|Any CPU.Build.0 = Debug|Any CPU
		{34E5A4EE-ADAE-452D-A090-B4C2D9A080D5}.Release|Any CPU.ActiveCfg = Release|Any CPU
		{34E5A4EE-ADAE-452D-A090-B4C2D9A080D5}.Release|Any CPU.Build.0 = Release|Any CPU
		{4EF6318E-738A-46D3-BC58-05E1632C0BA9}.Debug|Any CPU.ActiveCfg = Debug|Any CPU
		{4EF6318E-738A-46D3-BC58-05E1632C0BA9}.Debug|Any CPU.Build.0 = Debug|Any CPU
		{4EF6318E-738A-46D3-BC58-05E1632C0BA9}.Release|Any CPU.ActiveCfg = Release|Any CPU
		{4EF6318E-738A-46D3-BC58-05E1632C0BA9}.Release|Any CPU.Build.0 = Release|Any CPU
		{EA6BFE24-6360-4C8F-A8B5-5D7DE9121F59}.Debug|Any CPU.ActiveCfg = Debug|Any CPU
		{EA6BFE24-6360-4C8F-A8B5-5D7DE9121F59}.Debug|Any CPU.Build.0 = Debug|Any CPU
		{EA6BFE24-6360-4C8F-A8B5-5D7DE9121F59}.Release|Any CPU.ActiveCfg = Release|Any CPU
		{EA6BFE24-6360-4C8F-A8B5-5D7DE9121F59}.Release|Any CPU.Build.0 = Release|Any CPU
		{4FF521BD-7E89-40BC-ACC3-22962CA0D840}.Debug|Any CPU.ActiveCfg = Debug|Any CPU
		{4FF521BD-7E89-40BC-ACC3-22962CA0D840}.Debug|Any CPU.Build.0 = Debug|Any CPU
		{4FF521BD-7E89-40BC-ACC3-22962CA0D840}.Release|Any CPU.ActiveCfg = Release|Any CPU
		{4FF521BD-7E89-40BC-ACC3-22962CA0D840}.Release|Any CPU.Build.0 = Release|Any CPU
		{19011754-1088-4DC0-A724-7CB3BD244F1D}.Debug|Any CPU.ActiveCfg = Debug|Any CPU
		{19011754-1088-4DC0-A724-7CB3BD244F1D}.Debug|Any CPU.Build.0 = Debug|Any CPU
		{19011754-1088-4DC0-A724-7CB3BD244F1D}.Release|Any CPU.ActiveCfg = Release|Any CPU
		{19011754-1088-4DC0-A724-7CB3BD244F1D}.Release|Any CPU.Build.0 = Release|Any CPU
		{5B1AC183-6B1B-4F4C-A704-B56AD4C5CEAB}.Debug|Any CPU.ActiveCfg = Debug|Any CPU
		{5B1AC183-6B1B-4F4C-A704-B56AD4C5CEAB}.Debug|Any CPU.Build.0 = Debug|Any CPU
		{5B1AC183-6B1B-4F4C-A704-B56AD4C5CEAB}.Release|Any CPU.ActiveCfg = Release|Any CPU
		{5B1AC183-6B1B-4F4C-A704-B56AD4C5CEAB}.Release|Any CPU.Build.0 = Release|Any CPU
		{099FC02E-BA5E-4D78-88B7-85401170ABEE}.Debug|Any CPU.ActiveCfg = Debug|Any CPU
		{099FC02E-BA5E-4D78-88B7-85401170ABEE}.Debug|Any CPU.Build.0 = Debug|Any CPU
		{099FC02E-BA5E-4D78-88B7-85401170ABEE}.Release|Any CPU.ActiveCfg = Release|Any CPU
		{099FC02E-BA5E-4D78-88B7-85401170ABEE}.Release|Any CPU.Build.0 = Release|Any CPU
		{E569F59A-B267-47B5-ABA2-F8A2A7DBF103}.Debug|Any CPU.ActiveCfg = Debug|Any CPU
		{E569F59A-B267-47B5-ABA2-F8A2A7DBF103}.Debug|Any CPU.Build.0 = Debug|Any CPU
		{E569F59A-B267-47B5-ABA2-F8A2A7DBF103}.Release|Any CPU.ActiveCfg = Release|Any CPU
		{E569F59A-B267-47B5-ABA2-F8A2A7DBF103}.Release|Any CPU.Build.0 = Release|Any CPU
		{1208034A-A3C3-4B31-8348-76D0A1423C19}.Debug|Any CPU.ActiveCfg = Debug|Any CPU
		{1208034A-A3C3-4B31-8348-76D0A1423C19}.Debug|Any CPU.Build.0 = Debug|Any CPU
		{1208034A-A3C3-4B31-8348-76D0A1423C19}.Release|Any CPU.ActiveCfg = Release|Any CPU
		{1208034A-A3C3-4B31-8348-76D0A1423C19}.Release|Any CPU.Build.0 = Release|Any CPU
		{B03CC3A0-E37F-4741-AD6F-B09CC4ADEBEC}.Debug|Any CPU.ActiveCfg = Debug|Any CPU
		{B03CC3A0-E37F-4741-AD6F-B09CC4ADEBEC}.Debug|Any CPU.Build.0 = Debug|Any CPU
		{B03CC3A0-E37F-4741-AD6F-B09CC4ADEBEC}.Release|Any CPU.ActiveCfg = Release|Any CPU
		{B03CC3A0-E37F-4741-AD6F-B09CC4ADEBEC}.Release|Any CPU.Build.0 = Release|Any CPU
		{654EA906-3B11-41E6-8F3E-7CA5E04A8297}.Debug|Any CPU.ActiveCfg = Debug|Any CPU
		{654EA906-3B11-41E6-8F3E-7CA5E04A8297}.Debug|Any CPU.Build.0 = Debug|Any CPU
		{654EA906-3B11-41E6-8F3E-7CA5E04A8297}.Release|Any CPU.ActiveCfg = Release|Any CPU
		{654EA906-3B11-41E6-8F3E-7CA5E04A8297}.Release|Any CPU.Build.0 = Release|Any CPU
		{C39AE82D-14C4-432B-AF2D-2E327A33FC58}.Debug|Any CPU.ActiveCfg = Debug|Any CPU
		{C39AE82D-14C4-432B-AF2D-2E327A33FC58}.Debug|Any CPU.Build.0 = Debug|Any CPU
		{C39AE82D-14C4-432B-AF2D-2E327A33FC58}.Release|Any CPU.ActiveCfg = Release|Any CPU
		{C39AE82D-14C4-432B-AF2D-2E327A33FC58}.Release|Any CPU.Build.0 = Release|Any CPU
		{3BC0AC7E-3B3B-4D3F-9CC0-B2BDECC460A6}.Debug|Any CPU.ActiveCfg = Debug|Any CPU
		{3BC0AC7E-3B3B-4D3F-9CC0-B2BDECC460A6}.Debug|Any CPU.Build.0 = Debug|Any CPU
		{3BC0AC7E-3B3B-4D3F-9CC0-B2BDECC460A6}.Debug|Any CPU.Deploy.0 = Debug|Any CPU
		{3BC0AC7E-3B3B-4D3F-9CC0-B2BDECC460A6}.Release|Any CPU.ActiveCfg = Release|Any CPU
		{3BC0AC7E-3B3B-4D3F-9CC0-B2BDECC460A6}.Release|Any CPU.Build.0 = Release|Any CPU
		{3BC0AC7E-3B3B-4D3F-9CC0-B2BDECC460A6}.Release|Any CPU.Deploy.0 = Release|Any CPU
		{1AADE9ED-4C9F-4706-AB4C-A5233F5868F0}.Debug|Any CPU.ActiveCfg = Debug|Any CPU
		{1AADE9ED-4C9F-4706-AB4C-A5233F5868F0}.Debug|Any CPU.Build.0 = Debug|Any CPU
		{1AADE9ED-4C9F-4706-AB4C-A5233F5868F0}.Release|Any CPU.ActiveCfg = Release|Any CPU
		{1AADE9ED-4C9F-4706-AB4C-A5233F5868F0}.Release|Any CPU.Build.0 = Release|Any CPU
		{0881AEC0-C608-4904-9E31-73F4FFA2C385}.Debug|Any CPU.ActiveCfg = Debug|Any CPU
		{0881AEC0-C608-4904-9E31-73F4FFA2C385}.Debug|Any CPU.Build.0 = Debug|Any CPU
		{0881AEC0-C608-4904-9E31-73F4FFA2C385}.Release|Any CPU.ActiveCfg = Release|Any CPU
		{0881AEC0-C608-4904-9E31-73F4FFA2C385}.Release|Any CPU.Build.0 = Release|Any CPU
		{F42E88A6-0795-4203-AD42-4385735F7C86}.Debug|Any CPU.ActiveCfg = Debug|Any CPU
		{F42E88A6-0795-4203-AD42-4385735F7C86}.Debug|Any CPU.Build.0 = Debug|Any CPU
		{F42E88A6-0795-4203-AD42-4385735F7C86}.Release|Any CPU.ActiveCfg = Release|Any CPU
		{F42E88A6-0795-4203-AD42-4385735F7C86}.Release|Any CPU.Build.0 = Release|Any CPU
		{5917F790-34F2-4252-B2F8-D8CC4C85F5D2}.Debug|Any CPU.ActiveCfg = Debug|Any CPU
		{5917F790-34F2-4252-B2F8-D8CC4C85F5D2}.Debug|Any CPU.Build.0 = Debug|Any CPU
		{5917F790-34F2-4252-B2F8-D8CC4C85F5D2}.Release|Any CPU.ActiveCfg = Release|Any CPU
		{5917F790-34F2-4252-B2F8-D8CC4C85F5D2}.Release|Any CPU.Build.0 = Release|Any CPU
		{50D243B1-A621-42A8-8665-CF32B0E1683C}.Debug|Any CPU.ActiveCfg = Debug|Any CPU
		{50D243B1-A621-42A8-8665-CF32B0E1683C}.Debug|Any CPU.Build.0 = Debug|Any CPU
		{50D243B1-A621-42A8-8665-CF32B0E1683C}.Release|Any CPU.ActiveCfg = Release|Any CPU
		{50D243B1-A621-42A8-8665-CF32B0E1683C}.Release|Any CPU.Build.0 = Release|Any CPU
		{082B6987-60DD-465B-BF47-B79F9B24AA48}.Debug|Any CPU.ActiveCfg = Debug|Any CPU
		{082B6987-60DD-465B-BF47-B79F9B24AA48}.Debug|Any CPU.Build.0 = Debug|Any CPU
		{082B6987-60DD-465B-BF47-B79F9B24AA48}.Release|Any CPU.ActiveCfg = Release|Any CPU
		{082B6987-60DD-465B-BF47-B79F9B24AA48}.Release|Any CPU.Build.0 = Release|Any CPU
		{7C73B69F-C3F9-4D77-B5CA-DE6387FF4793}.Debug|Any CPU.ActiveCfg = Debug|Any CPU
		{7C73B69F-C3F9-4D77-B5CA-DE6387FF4793}.Debug|Any CPU.Build.0 = Debug|Any CPU
		{7C73B69F-C3F9-4D77-B5CA-DE6387FF4793}.Release|Any CPU.ActiveCfg = Release|Any CPU
		{7C73B69F-C3F9-4D77-B5CA-DE6387FF4793}.Release|Any CPU.Build.0 = Release|Any CPU
		{2050C17A-386C-41EC-888B-48A19E3CC9FD}.Debug|Any CPU.ActiveCfg = Debug|Any CPU
		{2050C17A-386C-41EC-888B-48A19E3CC9FD}.Debug|Any CPU.Build.0 = Debug|Any CPU
		{2050C17A-386C-41EC-888B-48A19E3CC9FD}.Release|Any CPU.ActiveCfg = Release|Any CPU
		{2050C17A-386C-41EC-888B-48A19E3CC9FD}.Release|Any CPU.Build.0 = Release|Any CPU
		{5423DC77-4786-4A58-910D-F8E5074C63B3}.Debug|Any CPU.ActiveCfg = Debug|Any CPU
		{5423DC77-4786-4A58-910D-F8E5074C63B3}.Debug|Any CPU.Build.0 = Debug|Any CPU
		{5423DC77-4786-4A58-910D-F8E5074C63B3}.Release|Any CPU.ActiveCfg = Release|Any CPU
		{5423DC77-4786-4A58-910D-F8E5074C63B3}.Release|Any CPU.Build.0 = Release|Any CPU
		{ADD900B8-2D10-4761-94BA-80F3B0D28AEF}.Debug|Any CPU.ActiveCfg = Debug|Any CPU
		{ADD900B8-2D10-4761-94BA-80F3B0D28AEF}.Debug|Any CPU.Build.0 = Debug|Any CPU
		{ADD900B8-2D10-4761-94BA-80F3B0D28AEF}.Release|Any CPU.ActiveCfg = Release|Any CPU
		{ADD900B8-2D10-4761-94BA-80F3B0D28AEF}.Release|Any CPU.Build.0 = Release|Any CPU
		{0C32B957-6AC5-4FA3-8505-4CE2D38F8841}.Debug|Any CPU.ActiveCfg = Debug|Any CPU
		{0C32B957-6AC5-4FA3-8505-4CE2D38F8841}.Debug|Any CPU.Build.0 = Debug|Any CPU
		{0C32B957-6AC5-4FA3-8505-4CE2D38F8841}.Release|Any CPU.ActiveCfg = Release|Any CPU
		{0C32B957-6AC5-4FA3-8505-4CE2D38F8841}.Release|Any CPU.Build.0 = Release|Any CPU
		{3126BDD8-2CC4-4D3C-B5EA-FF9A8E1F7901}.Debug|Any CPU.ActiveCfg = Debug|Any CPU
		{3126BDD8-2CC4-4D3C-B5EA-FF9A8E1F7901}.Debug|Any CPU.Build.0 = Debug|Any CPU
		{3126BDD8-2CC4-4D3C-B5EA-FF9A8E1F7901}.Release|Any CPU.ActiveCfg = Release|Any CPU
		{3126BDD8-2CC4-4D3C-B5EA-FF9A8E1F7901}.Release|Any CPU.Build.0 = Release|Any CPU
		{EFE11A26-AFE2-47B2-A2C5-F2A6FECCF33B}.Debug|Any CPU.ActiveCfg = Debug|Any CPU
		{EFE11A26-AFE2-47B2-A2C5-F2A6FECCF33B}.Debug|Any CPU.Build.0 = Debug|Any CPU
		{EFE11A26-AFE2-47B2-A2C5-F2A6FECCF33B}.Release|Any CPU.ActiveCfg = Release|Any CPU
		{EFE11A26-AFE2-47B2-A2C5-F2A6FECCF33B}.Release|Any CPU.Build.0 = Release|Any CPU
		{38499F32-7B93-4EBC-9FCC-3A12DA90550A}.Debug|Any CPU.ActiveCfg = Debug|Any CPU
		{38499F32-7B93-4EBC-9FCC-3A12DA90550A}.Debug|Any CPU.Build.0 = Debug|Any CPU
		{38499F32-7B93-4EBC-9FCC-3A12DA90550A}.Release|Any CPU.ActiveCfg = Release|Any CPU
		{38499F32-7B93-4EBC-9FCC-3A12DA90550A}.Release|Any CPU.Build.0 = Release|Any CPU
		{444A260D-F018-43B7-AE86-36E85889AA0C}.Debug|Any CPU.ActiveCfg = Debug|Any CPU
		{444A260D-F018-43B7-AE86-36E85889AA0C}.Debug|Any CPU.Build.0 = Debug|Any CPU
		{444A260D-F018-43B7-AE86-36E85889AA0C}.Release|Any CPU.ActiveCfg = Release|Any CPU
		{444A260D-F018-43B7-AE86-36E85889AA0C}.Release|Any CPU.Build.0 = Release|Any CPU
		{582A3587-1B5D-40C3-A858-7FE3584817A1}.Debug|Any CPU.ActiveCfg = Debug|Any CPU
		{582A3587-1B5D-40C3-A858-7FE3584817A1}.Debug|Any CPU.Build.0 = Debug|Any CPU
		{582A3587-1B5D-40C3-A858-7FE3584817A1}.Release|Any CPU.ActiveCfg = Release|Any CPU
		{582A3587-1B5D-40C3-A858-7FE3584817A1}.Release|Any CPU.Build.0 = Release|Any CPU
		{AB478201-B269-4F08-B4A0-27E4C36B43D6}.Debug|Any CPU.ActiveCfg = Debug|Any CPU
		{AB478201-B269-4F08-B4A0-27E4C36B43D6}.Debug|Any CPU.Build.0 = Debug|Any CPU
		{AB478201-B269-4F08-B4A0-27E4C36B43D6}.Release|Any CPU.ActiveCfg = Release|Any CPU
		{AB478201-B269-4F08-B4A0-27E4C36B43D6}.Release|Any CPU.Build.0 = Release|Any CPU
		{1CFBEEC5-95CE-4C91-922F-9416C47F9164}.Debug|Any CPU.ActiveCfg = Debug|Any CPU
		{1CFBEEC5-95CE-4C91-922F-9416C47F9164}.Debug|Any CPU.Build.0 = Debug|Any CPU
		{1CFBEEC5-95CE-4C91-922F-9416C47F9164}.Release|Any CPU.ActiveCfg = Release|Any CPU
		{1CFBEEC5-95CE-4C91-922F-9416C47F9164}.Release|Any CPU.Build.0 = Release|Any CPU
		{2E55CD6E-F19A-4B5D-AFFA-217C4863C404}.Debug|Any CPU.ActiveCfg = Debug|Any CPU
		{2E55CD6E-F19A-4B5D-AFFA-217C4863C404}.Debug|Any CPU.Build.0 = Debug|Any CPU
		{2E55CD6E-F19A-4B5D-AFFA-217C4863C404}.Release|Any CPU.ActiveCfg = Release|Any CPU
		{2E55CD6E-F19A-4B5D-AFFA-217C4863C404}.Release|Any CPU.Build.0 = Release|Any CPU
		{A8276AB1-F1CD-49A2-AB78-565D5868C1F0}.Debug|Any CPU.ActiveCfg = Debug|Any CPU
		{A8276AB1-F1CD-49A2-AB78-565D5868C1F0}.Debug|Any CPU.Build.0 = Debug|Any CPU
		{A8276AB1-F1CD-49A2-AB78-565D5868C1F0}.Release|Any CPU.ActiveCfg = Release|Any CPU
		{A8276AB1-F1CD-49A2-AB78-565D5868C1F0}.Release|Any CPU.Build.0 = Release|Any CPU
		{36F78806-D2C7-4E18-AC6F-E9422035DD04}.Debug|Any CPU.ActiveCfg = Debug|Any CPU
		{36F78806-D2C7-4E18-AC6F-E9422035DD04}.Debug|Any CPU.Build.0 = Debug|Any CPU
		{36F78806-D2C7-4E18-AC6F-E9422035DD04}.Release|Any CPU.ActiveCfg = Release|Any CPU
		{36F78806-D2C7-4E18-AC6F-E9422035DD04}.Release|Any CPU.Build.0 = Release|Any CPU
		{DFFDEE21-51D5-474B-9EBF-E0693360B4FD}.Debug|Any CPU.ActiveCfg = Debug|Any CPU
		{DFFDEE21-51D5-474B-9EBF-E0693360B4FD}.Debug|Any CPU.Build.0 = Debug|Any CPU
		{DFFDEE21-51D5-474B-9EBF-E0693360B4FD}.Release|Any CPU.ActiveCfg = Release|Any CPU
		{DFFDEE21-51D5-474B-9EBF-E0693360B4FD}.Release|Any CPU.Build.0 = Release|Any CPU
		{E8B2FEBD-AFEE-4D8B-9863-C90E755CCB96}.Debug|Any CPU.ActiveCfg = Debug|Any CPU
		{E8B2FEBD-AFEE-4D8B-9863-C90E755CCB96}.Debug|Any CPU.Build.0 = Debug|Any CPU
		{E8B2FEBD-AFEE-4D8B-9863-C90E755CCB96}.Release|Any CPU.ActiveCfg = Release|Any CPU
		{E8B2FEBD-AFEE-4D8B-9863-C90E755CCB96}.Release|Any CPU.Build.0 = Release|Any CPU
		{6B74291F-3620-4195-8B88-7F4CE9738CC5}.Debug|Any CPU.ActiveCfg = Debug|Any CPU
		{6B74291F-3620-4195-8B88-7F4CE9738CC5}.Debug|Any CPU.Build.0 = Debug|Any CPU
		{6B74291F-3620-4195-8B88-7F4CE9738CC5}.Release|Any CPU.ActiveCfg = Release|Any CPU
		{6B74291F-3620-4195-8B88-7F4CE9738CC5}.Release|Any CPU.Build.0 = Release|Any CPU
		{C092A678-AE65-41A6-B0FA-3C81AA840733}.Debug|Any CPU.ActiveCfg = Debug|Any CPU
		{C092A678-AE65-41A6-B0FA-3C81AA840733}.Debug|Any CPU.Build.0 = Debug|Any CPU
		{C092A678-AE65-41A6-B0FA-3C81AA840733}.Release|Any CPU.ActiveCfg = Release|Any CPU
		{C092A678-AE65-41A6-B0FA-3C81AA840733}.Release|Any CPU.Build.0 = Release|Any CPU
	EndGlobalSection
	GlobalSection(SolutionProperties) = preSolution
		HideSolutionNode = FALSE
	EndGlobalSection
	GlobalSection(ExtensibilityGlobals) = postSolution
		SolutionGuid = {97DEDAB9-6013-41EE-B200-553DA54EA7A6}
	EndGlobalSection
EndGlobal
